
Microsoft Visual Studio Solution File, Format Version 12.00
# Visual Studio 15
Project("{FAE04EC0-301F-11D3-BF4B-00C04F79EFBC}") = "Assembly-CSharp", "Assembly-CSharp.csproj", "{1B92690B-1338-5AD7-F8FC-F6F07F0F51C0}"
EndProject
Project("{FAE04EC0-301F-11D3-BF4B-00C04F79EFBC}") = "Polyperfect.Universal", "Polyperfect.Universal.csproj", "{630FA13E-D7E7-6AAB-B202-31ADC981A6E4}"
EndProject
Global
	GlobalSection(SolutionConfigurationPlatforms) = preSolution
		Debug|Any CPU = Debug|Any CPU
		Release|Any CPU = Release|Any CPU
	EndGlobalSection
	GlobalSection(ProjectConfigurationPlatforms) = postSolution
		{1B92690B-1338-5AD7-F8FC-F6F07F0F51C0}.Debug|Any CPU.ActiveCfg = Debug|Any CPU
		{1B92690B-1338-5AD7-F8FC-F6F07F0F51C0}.Debug|Any CPU.Build.0 = Debug|Any CPU
		{1B92690B-1338-5AD7-F8FC-F6F07F0F51C0}.Release|Any CPU.ActiveCfg = Release|Any CPU
		{1B92690B-1338-5AD7-F8FC-F6F07F0F51C0}.Release|Any CPU.Build.0 = Release|Any CPU
		{630FA13E-D7E7-6AAB-B202-31ADC981A6E4}.Debug|Any CPU.ActiveCfg = Debug|Any CPU
		{630FA13E-D7E7-6AAB-B202-31ADC981A6E4}.Debug|Any CPU.Build.0 = Debug|Any CPU
		{630FA13E-D7E7-6AAB-B202-31ADC981A6E4}.Release|Any CPU.ActiveCfg = Release|Any CPU
		{630FA13E-D7E7-6AAB-B202-31ADC981A6E4}.Release|Any CPU.Build.0 = Release|Any CPU
	EndGlobalSection
	GlobalSection(SolutionProperties) = preSolution
		HideSolutionNode = FALSE
	EndGlobalSection
EndGlobal
